
Microsoft Visual Studio Solution File, Format Version 12.00
# Visual Studio Version 16
VisualStudioVersion = 16.0.29728.190
MinimumVisualStudioVersion = 10.0.40219.1
Project("{FAE04EC0-301F-11D3-BF4B-00C04F79EFBC}") = "CancelPendingPipeline", "CancelPendingPipeline\CancelPendingPipeline.csproj", "{A1AB1E28-01DC-47BB-8F1A-F1A2DB2996C8}"
EndProject
Global
	GlobalSection(SolutionConfigurationPlatforms) = preSolution
		Debug|Any CPU = Debug|Any CPU
		Release|Any CPU = Release|Any CPU
	EndGlobalSection
	GlobalSection(ProjectConfigurationPlatforms) = postSolution
		{A1AB1E28-01DC-47BB-8F1A-F1A2DB2996C8}.Debug|Any CPU.ActiveCfg = Debug|Any CPU
		{A1AB1E28-01DC-47BB-8F1A-F1A2DB2996C8}.Debug|Any CPU.Build.0 = Debug|Any CPU
		{A1AB1E28-01DC-47BB-8F1A-F1A2DB2996C8}.Release|Any CPU.ActiveCfg = Release|Any CPU
		{A1AB1E28-01DC-47BB-8F1A-F1A2DB2996C8}.Release|Any CPU.Build.0 = Release|Any CPU
	EndGlobalSection
	GlobalSection(SolutionProperties) = preSolution
		HideSolutionNode = FALSE
	EndGlobalSection
	GlobalSection(ExtensibilityGlobals) = postSolution
		SolutionGuid = {06D3BB53-AC30-469F-A867-4E4787881774}
	EndGlobalSection
EndGlobal
